// !$*UTF8*$!
{
	archiveVersion = 1;
	classes = {
	};
	objectVersion = 50;
	objects = {

/* Begin PBXBuildFile section */
		2B11F87023C34EA1007D7FB9 /* AppDelegate.swift in Sources */ = {isa = PBXBuildFile; fileRef = 2B11F86F23C34EA1007D7FB9 /* AppDelegate.swift */; };
		2B11F87223C34EA1007D7FB9 /* SceneDelegate.swift in Sources */ = {isa = PBXBuildFile; fileRef = 2B11F87123C34EA1007D7FB9 /* SceneDelegate.swift */; };
		2B11F87423C34EA1007D7FB9 /* ContentView.swift in Sources */ = {isa = PBXBuildFile; fileRef = 2B11F87323C34EA1007D7FB9 /* ContentView.swift */; };
		2B11F87623C34EA2007D7FB9 /* Assets.xcassets in Resources */ = {isa = PBXBuildFile; fileRef = 2B11F87523C34EA2007D7FB9 /* Assets.xcassets */; };
		2B11F87923C34EA2007D7FB9 /* Preview Assets.xcassets in Resources */ = {isa = PBXBuildFile; fileRef = 2B11F87823C34EA2007D7FB9 /* Preview Assets.xcassets */; };
		2B11F87C23C34EA2007D7FB9 /* LaunchScreen.storyboard in Resources */ = {isa = PBXBuildFile; fileRef = 2B11F87A23C34EA2007D7FB9 /* LaunchScreen.storyboard */; };
		2B11F88423C35ABB007D7FB9 /* CircleImage.swift in Sources */ = {isa = PBXBuildFile; fileRef = 2B11F88323C35ABB007D7FB9 /* CircleImage.swift */; };
		2B11F88623C35D09007D7FB9 /* README.md in Resources */ = {isa = PBXBuildFile; fileRef = 2B11F88523C35D09007D7FB9 /* README.md */; };
/* End PBXBuildFile section */

/* Begin PBXFileReference section */
		2B11F86C23C34EA1007D7FB9 /* LearnSwiftUI.app */ = {isa = PBXFileReference; explicitFileType = wrapper.application; includeInIndex = 0; path = LearnSwiftUI.app; sourceTree = BUILT_PRODUCTS_DIR; };
		2B11F86F23C34EA1007D7FB9 /* AppDelegate.swift */ = {isa = PBXFileReference; lastKnownFileType = sourcecode.swift; path = AppDelegate.swift; sourceTree = "<group>"; };
		2B11F87123C34EA1007D7FB9 /* SceneDelegate.swift */ = {isa = PBXFileReference; lastKnownFileType = sourcecode.swift; path = SceneDelegate.swift; sourceTree = "<group>"; };
		2B11F87323C34EA1007D7FB9 /* ContentView.swift */ = {isa = PBXFileReference; lastKnownFileType = sourcecode.swift; path = ContentView.swift; sourceTree = "<group>"; };
		2B11F87523C34EA2007D7FB9 /* Assets.xcassets */ = {isa = PBXFileReference; lastKnownFileType = folder.assetcatalog; path = Assets.xcassets; sourceTree = "<group>"; };
		2B11F87823C34EA2007D7FB9 /* Preview Assets.xcassets */ = {isa = PBXFileReference; lastKnownFileType = folder.assetcatalog; path = "Preview Assets.xcassets"; sourceTree = "<group>"; };
		2B11F87B23C34EA2007D7FB9 /* Base */ = {isa = PBXFileReference; lastKnownFileType = file.storyboard; name = Base; path = Base.lproj/LaunchScreen.storyboard; sourceTree = "<group>"; };
		2B11F87D23C34EA2007D7FB9 /* Info.plist */ = {isa = PBXFileReference; lastKnownFileType = text.plist.xml; path = Info.plist; sourceTree = "<group>"; };
		2B11F88323C35ABB007D7FB9 /* CircleImage.swift */ = {isa = PBXFileReference; lastKnownFileType = sourcecode.swift; path = CircleImage.swift; sourceTree = "<group>"; };
		2B11F88523C35D09007D7FB9 /* README.md */ = {isa = PBXFileReference; fileEncoding = 4; lastKnownFileType = net.daringfireball.markdown; path = README.md; sourceTree = "<group>"; };
/* End PBXFileReference section */

/* Begin PBXFrameworksBuildPhase section */
		2B11F86923C34EA1007D7FB9 /* Frameworks */ = {
			isa = PBXFrameworksBuildPhase;
			buildActionMask = 2147483647;
			files = (
			);
			runOnlyForDeploymentPostprocessing = 0;
		};
/* End PBXFrameworksBuildPhase section */

/* Begin PBXGroup section */
		2B11F86323C34EA1007D7FB9 = {
			isa = PBXGroup;
			children = (
				2B11F88523C35D09007D7FB9 /* README.md */,
				2B11F86E23C34EA1007D7FB9 /* LearnSwiftUI */,
				2B11F86D23C34EA1007D7FB9 /* Products */,
			);
			sourceTree = "<group>";
		};
		2B11F86D23C34EA1007D7FB9 /* Products */ = {
			isa = PBXGroup;
			children = (
				2B11F86C23C34EA1007D7FB9 /* LearnSwiftUI.app */,
			);
			name = Products;
			sourceTree = "<group>";
		};
		2B11F86E23C34EA1007D7FB9 /* LearnSwiftUI */ = {
			isa = PBXGroup;
			children = (
				2B11F86F23C34EA1007D7FB9 /* AppDelegate.swift */,
				2B11F87123C34EA1007D7FB9 /* SceneDelegate.swift */,
				2B11F87323C34EA1007D7FB9 /* ContentView.swift */,
				2B11F88323C35ABB007D7FB9 /* CircleImage.swift */,
				2B11F87523C34EA2007D7FB9 /* Assets.xcassets */,
				2B11F87A23C34EA2007D7FB9 /* LaunchScreen.storyboard */,
				2B11F87D23C34EA2007D7FB9 /* Info.plist */,
				2B11F87723C34EA2007D7FB9 /* Preview Content */,
			);
			path = LearnSwiftUI;
			sourceTree = "<group>";
		};
		2B11F87723C34EA2007D7FB9 /* Preview Content */ = {
			isa = PBXGroup;
			children = (
				2B11F87823C34EA2007D7FB9 /* Preview Assets.xcassets */,
			);
			path = "Preview Content";
			sourceTree = "<group>";
		};
/* End PBXGroup section */

/* Begin PBXNativeTarget section */
		2B11F86B23C34EA1007D7FB9 /* LearnSwiftUI */ = {
			isa = PBXNativeTarget;
			buildConfigurationList = 2B11F88023C34EA2007D7FB9 /* Build configuration list for PBXNativeTarget "LearnSwiftUI" */;
			buildPhases = (
				2B11F86823C34EA1007D7FB9 /* Sources */,
				2B11F86923C34EA1007D7FB9 /* Frameworks */,
				2B11F86A23C34EA1007D7FB9 /* Resources */,
			);
			buildRules = (
			);
			dependencies = (
			);
			name = LearnSwiftUI;
			productName = LearnSwiftUI;
			productReference = 2B11F86C23C34EA1007D7FB9 /* LearnSwiftUI.app */;
			productType = "com.apple.product-type.application";
		};
/* End PBXNativeTarget section */

/* Begin PBXProject section */
		2B11F86423C34EA1007D7FB9 /* Project object */ = {
			isa = PBXProject;
			attributes = {
				LastSwiftUpdateCheck = 1130;
				LastUpgradeCheck = 1130;
				ORGANIZATIONNAME = Eddie;
				TargetAttributes = {
					2B11F86B23C34EA1007D7FB9 = {
						CreatedOnToolsVersion = 11.3;
					};
				};
			};
			buildConfigurationList = 2B11F86723C34EA1007D7FB9 /* Build configuration list for PBXProject "LearnSwiftUI" */;
			compatibilityVersion = "Xcode 9.3";
			developmentRegion = en;
			hasScannedForEncodings = 0;
			knownRegions = (
				en,
				Base,
			);
			mainGroup = 2B11F86323C34EA1007D7FB9;
			productRefGroup = 2B11F86D23C34EA1007D7FB9 /* Products */;
			projectDirPath = "";
			projectRoot = "";
			targets = (
				2B11F86B23C34EA1007D7FB9 /* LearnSwiftUI */,
			);
		};
/* End PBXProject section */

/* Begin PBXResourcesBuildPhase section */
		2B11F86A23C34EA1007D7FB9 /* Resources */ = {
			isa = PBXResourcesBuildPhase;
			buildActionMask = 2147483647;
			files = (
				2B11F87C23C34EA2007D7FB9 /* LaunchScreen.storyboard in Resources */,
				2B11F87923C34EA2007D7FB9 /* Preview Assets.xcassets in Resources */,
				2B11F88623C35D09007D7FB9 /* README.md in Resources */,
				2B11F87623C34EA2007D7FB9 /* Assets.xcassets in Resources */,
			);
			runOnlyForDeploymentPostprocessing = 0;
		};
/* End PBXResourcesBuildPhase section */

/* Begin PBXSourcesBuildPhase section */
		2B11F86823C34EA1007D7FB9 /* Sources */ = {
			isa = PBXSourcesBuildPhase;
			buildActionMask = 2147483647;
			files = (
				2B11F87023C34EA1007D7FB9 /* AppDelegate.swift in Sources */,
				2B11F88423C35ABB007D7FB9 /* CircleImage.swift in Sources */,
				2B11F87223C34EA1007D7FB9 /* SceneDelegate.swift in Sources */,
				2B11F87423C34EA1007D7FB9 /* ContentView.swift in Sources */,
			);
			runOnlyForDeploymentPostprocessing = 0;
		};
/* End PBXSourcesBuildPhase section */

/* Begin PBXVariantGroup section */
		2B11F87A23C34EA2007D7FB9 /* LaunchScreen.storyboard */ = {
			isa = PBXVariantGroup;
			children = (
				2B11F87B23C34EA2007D7FB9 /* Base */,
			);
			name = LaunchScreen.storyboard;
			sourceTree = "<group>";
		};
/* End PBXVariantGroup section */

/* Begin XCBuildConfiguration section */
		2B11F87E23C34EA2007D7FB9 /* Debug */ = {
			isa = XCBuildConfiguration;
			buildSettings = {
				ALWAYS_SEARCH_USER_PATHS = NO;
				CLANG_ANALYZER_NONNULL = YES;
				CLANG_ANALYZER_NUMBER_OBJECT_CONVERSION = YES_AGGRESSIVE;
				CLANG_CXX_LANGUAGE_STANDARD = "gnu++14";
				CLANG_CXX_LIBRARY = "libc++";
				CLANG_ENABLE_MODULES = YES;
				CLANG_ENABLE_OBJC_ARC = YES;
				CLANG_ENABLE_OBJC_WEAK = YES;
				CLANG_WARN_BLOCK_CAPTURE_AUTORELEASING = YES;
				CLANG_WARN_BOOL_CONVERSION = YES;
				CLANG_WARN_COMMA = YES;
				CLANG_WARN_CONSTANT_CONVERSION = YES;
				CLANG_WARN_DEPRECATED_OBJC_IMPLEMENTATIONS = YES;
				CLANG_WARN_DIRECT_OBJC_ISA_USAGE = YES_ERROR;
				CLANG_WARN_DOCUMENTATION_COMMENTS = YES;
				CLANG_WARN_EMPTY_BODY = YES;
				CLANG_WARN_ENUM_CONVERSION = YES;
				CLANG_WARN_INFINITE_RECURSION = YES;
				CLANG_WARN_INT_CONVERSION = YES;
				CLANG_WARN_NON_LITERAL_NULL_CONVERSION = YES;
				CLANG_WARN_OBJC_IMPLICIT_RETAIN_SELF = YES;
				CLANG_WARN_OBJC_LITERAL_CONVERSION = YES;
				CLANG_WARN_OBJC_ROOT_CLASS = YES_ERROR;
				CLANG_WARN_RANGE_LOOP_ANALYSIS = YES;
				CLANG_WARN_STRICT_PROTOTYPES = YES;
				CLANG_WARN_SUSPICIOUS_MOVE = YES;
				CLANG_WARN_UNGUARDED_AVAILABILITY = YES_AGGRESSIVE;
				CLANG_WARN_UNREACHABLE_CODE = YES;
				CLANG_WARN__DUPLICATE_METHOD_MATCH = YES;
				COPY_PHASE_STRIP = NO;
				DEBUG_INFORMATION_FORMAT = dwarf;
				ENABLE_STRICT_OBJC_MSGSEND = YES;
				ENABLE_TESTABILITY = YES;
				GCC_C_LANGUAGE_STANDARD = gnu11;
				GCC_DYNAMIC_NO_PIC = NO;
				GCC_NO_COMMON_BLOCKS = YES;
				GCC_OPTIMIZATION_LEVEL = 0;
				GCC_PREPROCESSOR_DEFINITIONS = (
					"DEBUG=1",
					"$(inherited)",
				);
				GCC_WARN_64_TO_32_BIT_CONVERSION = YES;
				GCC_WARN_ABOUT_RETURN_TYPE = YES_ERROR;
				GCC_WARN_UNDECLARED_SELECTOR = YES;
				GCC_WARN_UNINITIALIZED_AUTOS = YES_AGGRESSIVE;
				GCC_WARN_UNUSED_FUNCTION = YES;
				GCC_WARN_UNUSED_VARIABLE = YES;
				IPHONEOS_DEPLOYMENT_TARGET = 13.2;
				MTL_ENABLE_DEBUG_INFO = INCLUDE_SOURCE;
				MTL_FAST_MATH = YES;
				ONLY_ACTIVE_ARCH = YES;
				SDKROOT = iphoneos;
				SWIFT_ACTIVE_COMPILATION_CONDITIONS = DEBUG;
				SWIFT_OPTIMIZATION_LEVEL = "-Onone";
			};
			name = Debug;
		};
		2B11F87F23C34EA2007D7FB9 /* Release */ = {
			isa = XCBuildConfiguration;
			buildSettings = {
				ALWAYS_SEARCH_USER_PATHS = NO;
				CLANG_ANALYZER_NONNULL = YES;
				CLANG_ANALYZER_NUMBER_OBJECT_CONVERSION = YES_AGGRESSIVE;
				CLANG_CXX_LANGUAGE_STANDARD = "gnu++14";
				CLANG_CXX_LIBRARY = "libc++";
				CLANG_ENABLE_MODULES = YES;
				CLANG_ENABLE_OBJC_ARC = YES;
				CLANG_ENABLE_OBJC_WEAK = YES;
				CLANG_WARN_BLOCK_CAPTURE_AUTORELEASING = YES;
				CLANG_WARN_BOOL_CONVERSION = YES;
				CLANG_WARN_COMMA = YES;
				CLANG_WARN_CONSTANT_CONVERSION = YES;
				CLANG_WARN_DEPRECATED_OBJC_IMPLEMENTATIONS = YES;
				CLANG_WARN_DIRECT_OBJC_ISA_USAGE = YES_ERROR;
				CLANG_WARN_DOCUMENTATION_COMMENTS = YES;
				CLANG_WARN_EMPTY_BODY = YES;
				CLANG_WARN_ENUM_CONVERSION = YES;
				CLANG_WARN_INFINITE_RECURSION = YES;
				CLANG_WARN_INT_CONVERSION = YES;
				CLANG_WARN_NON_LITERAL_NULL_CONVERSION = YES;
				CLANG_WARN_OBJC_IMPLICIT_RETAIN_SELF = YES;
				CLANG_WARN_OBJC_LITERAL_CONVERSION = YES;
				CLANG_WARN_OBJC_ROOT_CLASS = YES_ERROR;
				CLANG_WARN_RANGE_LOOP_ANALYSIS = YES;
				CLANG_WARN_STRICT_PROTOTYPES = YES;
				CLANG_WARN_SUSPICIOUS_MOVE = YES;
				CLANG_WARN_UNGUARDED_AVAILABILITY = YES_AGGRESSIVE;
				CLANG_WARN_UNREACHABLE_CODE = YES;
				CLANG_WARN__DUPLICATE_METHOD_MATCH = YES;
				COPY_PHASE_STRIP = NO;
				DEBUG_INFORMATION_FORMAT = "dwarf-with-dsym";
				ENABLE_NS_ASSERTIONS = NO;
				ENABLE_STRICT_OBJC_MSGSEND = YES;
				GCC_C_LANGUAGE_STANDARD = gnu11;
				GCC_NO_COMMON_BLOCKS = YES;
				GCC_WARN_64_TO_32_BIT_CONVERSION = YES;
				GCC_WARN_ABOUT_RETURN_TYPE = YES_ERROR;
				GCC_WARN_UNDECLARED_SELECTOR = YES;
				GCC_WARN_UNINITIALIZED_AUTOS = YES_AGGRESSIVE;
				GCC_WARN_UNUSED_FUNCTION = YES;
				GCC_WARN_UNUSED_VARIABLE = YES;
				IPHONEOS_DEPLOYMENT_TARGET = 13.2;
				MTL_ENABLE_DEBUG_INFO = NO;
				MTL_FAST_MATH = YES;
				SDKROOT = iphoneos;
				SWIFT_COMPILATION_MODE = wholemodule;
				SWIFT_OPTIMIZATION_LEVEL = "-O";
				VALIDATE_PRODUCT = YES;
			};
			name = Release;
		};
		2B11F88123C34EA2007D7FB9 /* Debug */ = {
			isa = XCBuildConfiguration;
			buildSettings = {
				ASSETCATALOG_COMPILER_APPICON_NAME = AppIcon;
				CODE_SIGN_STYLE = Automatic;
				DEVELOPMENT_ASSET_PATHS = "\"LearnSwiftUI/Preview Content\"";
				DEVELOPMENT_TEAM = 9WQ9GA3FD9;
				ENABLE_PREVIEWS = YES;
				INFOPLIST_FILE = LearnSwiftUI/Info.plist;
				LD_RUNPATH_SEARCH_PATHS = (
					"$(inherited)",
					"@executable_path/Frameworks",
				);
				PRODUCT_BUNDLE_IDENTIFIER = eddie.LearnSwiftUI;
				PRODUCT_NAME = "$(TARGET_NAME)";
				SWIFT_VERSION = 5.0;
				TARGETED_DEVICE_FAMILY = "1,2";
			};
			name = Debug;
		};
		2B11F88223C34EA2007D7FB9 /* Release */ = {
			isa = XCBuildConfiguration;
			buildSettings = {
				ASSETCATALOG_COMPILER_APPICON_NAME = AppIcon;
				CODE_SIGN_STYLE = Automatic;
				DEVELOPMENT_ASSET_PATHS = "\"LearnSwiftUI/Preview Content\"";
				DEVELOPMENT_TEAM = 9WQ9GA3FD9;
				ENABLE_PREVIEWS = YES;
				INFOPLIST_FILE = LearnSwiftUI/Info.plist;
				LD_RUNPATH_SEARCH_PATHS = (
					"$(inherited)",
					"@executable_path/Frameworks",
				);
				PRODUCT_BUNDLE_IDENTIFIER = eddie.LearnSwiftUI;
				PRODUCT_NAME = "$(TARGET_NAME)";
				SWIFT_VERSION = 5.0;
				TARGETED_DEVICE_FAMILY = "1,2";
			};
			name = Release;
		};
/* End XCBuildConfiguration section */

/* Begin XCConfigurationList section */
		2B11F86723C34EA1007D7FB9 /* Build configuration list for PBXProject "LearnSwiftUI" */ = {
			isa = XCConfigurationList;
			buildConfigurations = (
				2B11F87E23C34EA2007D7FB9 /* Debug */,
				2B11F87F23C34EA2007D7FB9 /* Release */,
			);
			defaultConfigurationIsVisible = 0;
			defaultConfigurationName = Release;
		};
		2B11F88023C34EA2007D7FB9 /* Build configuration list for PBXNativeTarget "LearnSwiftUI" */ = {
			isa = XCConfigurationList;
			buildConfigurations = (
				2B11F88123C34EA2007D7FB9 /* Debug */,
				2B11F88223C34EA2007D7FB9 /* Release */,
			);
			defaultConfigurationIsVisible = 0;
			defaultConfigurationName = Release;
		};
/* End XCConfigurationList section */
	};
	rootObject = 2B11F86423C34EA1007D7FB9 /* Project object */;
}
